
Microsoft Visual Studio Solution File, Format Version 12.00
# Visual Studio Version 17
VisualStudioVersion = 17.14.36301.6 d17.14
MinimumVisualStudioVersion = 10.0.40219.1
Project("{FAE04EC0-301F-11D3-BF4B-00C04F79EFBC}") = "Family Health Center", "Family Health Center.csproj", "{86020DDA-EEB9-481D-A2A2-FF185DA075C7}"
EndProject
Global
	GlobalSection(SolutionConfigurationPlatforms) = preSolution
		Debug|Any CPU = Debug|Any CPU
		Release|Any CPU = Release|Any CPU
	EndGlobalSection
	GlobalSection(ProjectConfigurationPlatforms) = postSolution
		{86020DDA-EEB9-481D-A2A2-FF185DA075C7}.Debug|Any CPU.ActiveCfg = Debug|Any CPU
		{86020DDA-EEB9-481D-A2A2-FF185DA075C7}.Debug|Any CPU.Build.0 = Debug|Any CPU
		{86020DDA-EEB9-481D-A2A2-FF185DA075C7}.Release|Any CPU.ActiveCfg = Release|Any CPU
		{86020DDA-EEB9-481D-A2A2-FF185DA075C7}.Release|Any CPU.Build.0 = Release|Any CPU
	EndGlobalSection
	GlobalSection(SolutionProperties) = preSolution
		HideSolutionNode = FALSE
	EndGlobalSection
	GlobalSection(ExtensibilityGlobals) = postSolution
		SolutionGuid = {9D412F7C-0F93-468F-96F0-0E190C2E0F14}
	EndGlobalSection
EndGlobal
